
Microsoft Visual Studio Solution File, Format Version 12.00
# Visual Studio Version 17
VisualStudioVersion = 17.1.32210.238
MinimumVisualStudioVersion = 10.0.40219.1
Project("{9A19103F-16F7-4668-BE54-9A1E7A4F7556}") = "OrderNow.UnitTests", "OrderNow.Tests\OrderNow.UnitTests.csproj", "{2031E6CC-D36C-403A-84C1-7AED272E29F6}"
EndProject
Project("{9A19103F-16F7-4668-BE54-9A1E7A4F7556}") = "OrderNow.Common", "OrderNow.Common\OrderNow.Common.csproj", "{3CCF7A5C-F75E-4C6C-B443-49FA346A04EE}"
EndProject
Project("{9A19103F-16F7-4668-BE54-9A1E7A4F7556}") = "OrderNow.Utilities", "OrderNow.Utilities\OrderNow.Utilities.csproj", "{84515FA9-0487-483F-BAF4-90DFA6105E04}"
EndProject
Project("{9A19103F-16F7-4668-BE54-9A1E7A4F7556}") = "OrderNow.Blazor", "OrderNow.Blazor\OrderNow.Blazor.csproj", "{44F7D340-F416-4F65-9A3F-878834BEAD19}"
EndProject
Project("{9A19103F-16F7-4668-BE54-9A1E7A4F7556}") = "OrderNow.IntegrationTests", "OrderNow.IntegrationTests\OrderNow.IntegrationTests.csproj", "{D04F16B8-9B89-4DFC-BA4D-7D2872458DA4}"
EndProject
Global
	GlobalSection(SolutionConfigurationPlatforms) = preSolution
		Debug|Any CPU = Debug|Any CPU
		Release|Any CPU = Release|Any CPU
	EndGlobalSection
	GlobalSection(ProjectConfigurationPlatforms) = postSolution
		{2031E6CC-D36C-403A-84C1-7AED272E29F6}.Debug|Any CPU.ActiveCfg = Debug|Any CPU
		{2031E6CC-D36C-403A-84C1-7AED272E29F6}.Debug|Any CPU.Build.0 = Debug|Any CPU
		{2031E6CC-D36C-403A-84C1-7AED272E29F6}.Release|Any CPU.ActiveCfg = Release|Any CPU
		{2031E6CC-D36C-403A-84C1-7AED272E29F6}.Release|Any CPU.Build.0 = Release|Any CPU
		{3CCF7A5C-F75E-4C6C-B443-49FA346A04EE}.Debug|Any CPU.ActiveCfg = Debug|Any CPU
		{3CCF7A5C-F75E-4C6C-B443-49FA346A04EE}.Debug|Any CPU.Build.0 = Debug|Any CPU
		{3CCF7A5C-F75E-4C6C-B443-49FA346A04EE}.Release|Any CPU.ActiveCfg = Release|Any CPU
		{3CCF7A5C-F75E-4C6C-B443-49FA346A04EE}.Release|Any CPU.Build.0 = Release|Any CPU
		{84515FA9-0487-483F-BAF4-90DFA6105E04}.Debug|Any CPU.ActiveCfg = Debug|Any CPU
		{84515FA9-0487-483F-BAF4-90DFA6105E04}.Debug|Any CPU.Build.0 = Debug|Any CPU
		{84515FA9-0487-483F-BAF4-90DFA6105E04}.Release|Any CPU.ActiveCfg = Release|Any CPU
		{84515FA9-0487-483F-BAF4-90DFA6105E04}.Release|Any CPU.Build.0 = Release|Any CPU
		{44F7D340-F416-4F65-9A3F-878834BEAD19}.Debug|Any CPU.ActiveCfg = Debug|Any CPU
		{44F7D340-F416-4F65-9A3F-878834BEAD19}.Debug|Any CPU.Build.0 = Debug|Any CPU
		{44F7D340-F416-4F65-9A3F-878834BEAD19}.Release|Any CPU.ActiveCfg = Release|Any CPU
		{44F7D340-F416-4F65-9A3F-878834BEAD19}.Release|Any CPU.Build.0 = Release|Any CPU
		{D04F16B8-9B89-4DFC-BA4D-7D2872458DA4}.Debug|Any CPU.ActiveCfg = Debug|Any CPU
		{D04F16B8-9B89-4DFC-BA4D-7D2872458DA4}.Debug|Any CPU.Build.0 = Debug|Any CPU
		{D04F16B8-9B89-4DFC-BA4D-7D2872458DA4}.Release|Any CPU.ActiveCfg = Release|Any CPU
		{D04F16B8-9B89-4DFC-BA4D-7D2872458DA4}.Release|Any CPU.Build.0 = Release|Any CPU
	EndGlobalSection
	GlobalSection(SolutionProperties) = preSolution
		HideSolutionNode = FALSE
	EndGlobalSection
	GlobalSection(ExtensibilityGlobals) = postSolution
		SolutionGuid = {E498DD50-600E-4984-9D62-0D34FF700878}
	EndGlobalSection
EndGlobal
